
Microsoft Visual Studio Solution File, Format Version 12.00
# Visual Studio Version 17
VisualStudioVersion = 17.1.32407.343
MinimumVisualStudioVersion = 10.0.40219.1
Project("{FAE04EC0-301F-11D3-BF4B-00C04F79EFBC}") = "ErrorHandling", "ErrorHandling\ErrorHandling.csproj", "{747D31B2-C175-4663-932A-4297EDF0A2CD}"
EndProject
Global
	GlobalSection(SolutionConfigurationPlatforms) = preSolution
		Debug|Any CPU = Debug|Any CPU
		Release|Any CPU = Release|Any CPU
	EndGlobalSection
	GlobalSection(ProjectConfigurationPlatforms) = postSolution
		{747D31B2-C175-4663-932A-4297EDF0A2CD}.Debug|Any CPU.ActiveCfg = Debug|Any CPU
		{747D31B2-C175-4663-932A-4297EDF0A2CD}.Debug|Any CPU.Build.0 = Debug|Any CPU
		{747D31B2-C175-4663-932A-4297EDF0A2CD}.Release|Any CPU.ActiveCfg = Release|Any CPU
		{747D31B2-C175-4663-932A-4297EDF0A2CD}.Release|Any CPU.Build.0 = Release|Any CPU
	EndGlobalSection
	GlobalSection(SolutionProperties) = preSolution
		HideSolutionNode = FALSE
	EndGlobalSection
	GlobalSection(ExtensibilityGlobals) = postSolution
		SolutionGuid = {B8B16A7A-662C-4F44-8837-FC0FBDA98432}
	EndGlobalSection
EndGlobal
